
Microsoft Visual Studio Solution File, Format Version 12.00
# Visual Studio Version 17
VisualStudioVersion = 17.9.34414.90
MinimumVisualStudioVersion = 10.0.40219.1
Project("{FAE04EC0-301F-11D3-BF4B-00C04F79EFBC}") = "ppedv.WcfChat.Contracts", "ppedv.WcfChat.Contracts\ppedv.WcfChat.Contracts.csproj", "{1083B3C6-493B-4094-9911-564AFADC800C}"
EndProject
Project("{FAE04EC0-301F-11D3-BF4B-00C04F79EFBC}") = "ppedv.WcfChat.ServerNetFramework", "ppedv.WcfChat.ServerNetFramework\ppedv.WcfChat.ServerNetFramework.csproj", "{BD269A10-DAB4-4C7B-AD79-15FA9B9D16E7}"
EndProject
Project("{FAE04EC0-301F-11D3-BF4B-00C04F79EFBC}") = "ppedv.WcfChat.WPFClient", "ppedv.WcfChat.WPFClient\ppedv.WcfChat.WPFClient.csproj", "{07ACDDD2-03AC-4E53-98B7-EB30C5827E39}"
EndProject
Global
	GlobalSection(SolutionConfigurationPlatforms) = preSolution
		Debug|Any CPU = Debug|Any CPU
		Release|Any CPU = Release|Any CPU
	EndGlobalSection
	GlobalSection(ProjectConfigurationPlatforms) = postSolution
		{1083B3C6-493B-4094-9911-564AFADC800C}.Debug|Any CPU.ActiveCfg = Debug|Any CPU
		{1083B3C6-493B-4094-9911-564AFADC800C}.Debug|Any CPU.Build.0 = Debug|Any CPU
		{1083B3C6-493B-4094-9911-564AFADC800C}.Release|Any CPU.ActiveCfg = Release|Any CPU
		{1083B3C6-493B-4094-9911-564AFADC800C}.Release|Any CPU.Build.0 = Release|Any CPU
		{BD269A10-DAB4-4C7B-AD79-15FA9B9D16E7}.Debug|Any CPU.ActiveCfg = Debug|Any CPU
		{BD269A10-DAB4-4C7B-AD79-15FA9B9D16E7}.Debug|Any CPU.Build.0 = Debug|Any CPU
		{BD269A10-DAB4-4C7B-AD79-15FA9B9D16E7}.Release|Any CPU.ActiveCfg = Release|Any CPU
		{BD269A10-DAB4-4C7B-AD79-15FA9B9D16E7}.Release|Any CPU.Build.0 = Release|Any CPU
		{07ACDDD2-03AC-4E53-98B7-EB30C5827E39}.Debug|Any CPU.ActiveCfg = Debug|Any CPU
		{07ACDDD2-03AC-4E53-98B7-EB30C5827E39}.Debug|Any CPU.Build.0 = Debug|Any CPU
		{07ACDDD2-03AC-4E53-98B7-EB30C5827E39}.Release|Any CPU.ActiveCfg = Release|Any CPU
		{07ACDDD2-03AC-4E53-98B7-EB30C5827E39}.Release|Any CPU.Build.0 = Release|Any CPU
	EndGlobalSection
	GlobalSection(SolutionProperties) = preSolution
		HideSolutionNode = FALSE
	EndGlobalSection
	GlobalSection(ExtensibilityGlobals) = postSolution
		SolutionGuid = {147E64DA-A067-430D-8FC2-66FA7FEC9908}
	EndGlobalSection
EndGlobal
